{
  "name": "@fossa-app/bridge",
  "version": "1.0.0",
  "lockfileVersion": 3,
  "requires": true,
  "packages": {
    "": {
      "name": "@fossa-app/bridge",
      "version": "1.0.0",
      "license": "MIT",
      "dependencies": {
        "@fable-org/fable-library-ts": "^2.0.0-rc.4"
      },
      "devDependencies": {
        "typescript": "^5.9.3"
      }
    },
    "node_modules/@fable-org/fable-library-ts": {
      "version": "2.0.0-rc.5",
      "resolved": "https://registry.npmjs.org/@fable-org/fable-library-ts/-/fable-library-ts-2.0.0-rc.5.tgz",
      "integrity": "sha512-3+2zf8tpcPmfVI+p3sXmr70ALbItOqY7JhdpkOqb273R6WtjLv71IynwXbUy/HzgGMJW6OAfA2l8beHEB/t3Kw==",
      "license": "MIT"
    },
    "node_modules/typescript": {
      "version": "5.9.3",
      "resolved": "https://registry.npmjs.org/typescript/-/typescript-5.9.3.tgz",
      "integrity": "sha512-jl1vZzPDinLr9eUt3J/t7V6FgNEw9QjvBPdysz9KfQDD41fQrC2Y4vKQdiaUpFT4bXlb1RHhLpp8wtm6M5TgSw==",
      "dev": true,
      "license": "Apache-2.0",
      "bin": {
        "tsc": "bin/tsc",
        "tsserver": "bin/tsserver"
      },
      "engines": {
        "node": ">=14.17"
      }
    }
  }
}
