{
  "name": "@fossa-app/bridge",
  "version": "1.0.0",
  "lockfileVersion": 3,
  "requires": true,
  "packages": {
    "": {
      "name": "@fossa-app/bridge",
      "version": "1.0.0",
      "license": "MIT",
      "dependencies": {
        "@fable-org/fable-library-ts": "^2.0.0"
      },
      "devDependencies": {
        "typescript": "^6.0.2"
      }
    },
    "node_modules/@fable-org/fable-library-ts": {
      "version": "2.1.1",
      "resolved": "https://registry.npmjs.org/@fable-org/fable-library-ts/-/fable-library-ts-2.1.1.tgz",
      "integrity": "sha512-4hMvhVFlbwQBrhZ5bZ1hCwP4dagOE3i/Lx0KQOyIfl/O4PtaKkppYq1ibZgYWJQSX7r/enm3IoEQrMtgsUorAw==",
      "license": "MIT"
    },
    "node_modules/typescript": {
      "version": "6.0.3",
      "resolved": "https://registry.npmjs.org/typescript/-/typescript-6.0.3.tgz",
      "integrity": "sha512-y2TvuxSZPDyQakkFRPZHKFm+KKVqIisdg9/CZwm9ftvKXLP8NRWj38/ODjNbr43SsoXqNuAisEf1GdCxqWcdBw==",
      "dev": true,
      "license": "Apache-2.0",
      "bin": {
        "tsc": "bin/tsc",
        "tsserver": "bin/tsserver"
      },
      "engines": {
        "node": ">=14.17"
      }
    }
  }
}
